
Microsoft Visual Studio Solution File, Format Version 12.00
# Visual Studio Version 16
VisualStudioVersion = 16.0.30225.117
MinimumVisualStudioVersion = 10.0.40219.1
Project("{FAE04EC0-301F-11D3-BF4B-00C04F79EFBC}") = "AoC", "AoC\AoC.csproj", "{F12D023B-6472-43E8-9563-6B479C08AA14}"
EndProject
Global
	GlobalSection(SolutionConfigurationPlatforms) = preSolution
		Debug|Any CPU = Debug|Any CPU
		Release|Any CPU = Release|Any CPU
	EndGlobalSection
	GlobalSection(ProjectConfigurationPlatforms) = postSolution
		{F12D023B-6472-43E8-9563-6B479C08AA14}.Debug|Any CPU.ActiveCfg = Debug|Any CPU
		{F12D023B-6472-43E8-9563-6B479C08AA14}.Debug|Any CPU.Build.0 = Debug|Any CPU
		{F12D023B-6472-43E8-9563-6B479C08AA14}.Release|Any CPU.ActiveCfg = Release|Any CPU
		{F12D023B-6472-43E8-9563-6B479C08AA14}.Release|Any CPU.Build.0 = Release|Any CPU
	EndGlobalSection
	GlobalSection(SolutionProperties) = preSolution
		HideSolutionNode = FALSE
	EndGlobalSection
	GlobalSection(ExtensibilityGlobals) = postSolution
		SolutionGuid = {C08B26CB-FF36-4181-93F1-32FF7579E4B0}
	EndGlobalSection
EndGlobal
